{
  "name": "yeonwol-love-saju",
  "version": "2.0.0",
  "lockfileVersion": 3,
  "requires": true,
  "packages": {
    "": {
      "name": "yeonwol-love-saju",
      "version": "2.0.0",
      "dependencies": {
        "manseryeok": "^2.0.0"
      },
      "engines": {
        "node": ">=18"
      }
    },
    "node_modules/manseryeok": {
      "version": "2.0.0",
      "resolved": "https://registry.npmjs.org/manseryeok/-/manseryeok-2.0.0.tgz",
      "integrity": "sha512-h4YeuKP+vsAa01K72v/H+5MwxEZd1Sv7H2hC8YU7r05JjNaCDvVhGaIot0zxrktyZVU6SGN5Ed9d1coTWW8rpQ==",
      "license": "MIT",
      "engines": {
        "node": ">=18"
      }
    }
  }
}
